# This file is autogenerated, do not edit; changes may be undone by the next 'dep ensure'.


[[projects]]
  branch = "master"
  name = "github.com/barryz/cron"
  packages = ["."]
  revision = "bebc2953afa66b36d2872f26cd77d185c6e15e44"

[[projects]]
  branch = "master"
  name = "github.com/braintree/manners"
  packages = ["."]
  revision = "82a8879fc5fd0381fa8b2d8033b19bf255252088"

[[projects]]
  branch = "master"
  name = "github.com/codegangsta/inject"
  packages = ["."]
  revision = "33e0aa1cb7c019ccc3fbe049a8262a6403d30504"

[[projects]]
  name = "github.com/go-martini/martini"
  packages = ["."]
  revision = "fe605b5cd210047ae3bb73d2b69a5b912a9b423d"

[[projects]]
  branch = "master"
  name = "github.com/martini-contrib/auth"
  packages = ["."]
  revision = "fa62c19b7ae87da370242054c8beb11af31d327f"

[[projects]]
  branch = "master"
  name = "github.com/martini-contrib/render"
  packages = ["."]
  revision = "ec18f8345a1181146728238980606fb1d6f40e8c"

[[projects]]
  branch = "master"
  name = "github.com/oxtoacart/bpool"
  packages = ["."]
  revision = "4e1c5567d7c2dd59fa4c7c83d34c2f3528b025d6"

[[projects]]
  name = "github.com/streadway/amqp"
  packages = ["."]
  revision = "63795daa9a446c920826655f26ba31c81c860fd6"

[[projects]]
  branch = "master"
  name = "github.com/toolkits/file"
  packages = ["."]
  revision = "a5b3c5147e07f934d9f9d00b901a20b2529f1a57"

[[projects]]
  name = "gopkg.in/yaml.v2"
  packages = ["."]
  revision = "5420a8b6744d3b0345ab293f6fcba19c978f1183"
  version = "v2.2.1"

[solve-meta]
  analyzer-name = "dep"
  analyzer-version = 1
  inputs-digest = "93e9c16c79ccadb5bd326616fca71a68dd24eda22613b37c3d9cd328b20ad3eb"
  solver-name = "gps-cdcl"
  solver-version = 1
